
Microsoft Visual Studio Solution File, Format Version 12.00
# Visual Studio Version 17
VisualStudioVersion = 17.6.33712.159
MinimumVisualStudioVersion = 10.0.40219.1
Project("{9A19103F-16F7-4668-BE54-9A1E7A4F7556}") = "SalesWebMvc", "SalesWebMvc\SalesWebMvc.csproj", "{F762163B-9CE6-423B-A997-886F84FAE8FE}"
EndProject
Global
	GlobalSection(SolutionConfigurationPlatforms) = preSolution
		Debug|Any CPU = Debug|Any CPU
		Release|Any CPU = Release|Any CPU
	EndGlobalSection
	GlobalSection(ProjectConfigurationPlatforms) = postSolution
		{F762163B-9CE6-423B-A997-886F84FAE8FE}.Debug|Any CPU.ActiveCfg = Debug|Any CPU
		{F762163B-9CE6-423B-A997-886F84FAE8FE}.Debug|Any CPU.Build.0 = Debug|Any CPU
		{F762163B-9CE6-423B-A997-886F84FAE8FE}.Release|Any CPU.ActiveCfg = Release|Any CPU
		{F762163B-9CE6-423B-A997-886F84FAE8FE}.Release|Any CPU.Build.0 = Release|Any CPU
	EndGlobalSection
	GlobalSection(SolutionProperties) = preSolution
		HideSolutionNode = FALSE
	EndGlobalSection
	GlobalSection(ExtensibilityGlobals) = postSolution
		SolutionGuid = {765BEE67-1101-4912-AD69-0BB25B74FC7C}
	EndGlobalSection
EndGlobal
